
Microsoft Visual Studio Solution File, Format Version 12.00
# Visual Studio Version 16
VisualStudioVersion = 16.0.30503.244
MinimumVisualStudioVersion = 10.0.40219.1
Project("{FAE04EC0-301F-11D3-BF4B-00C04F79EFBC}") = "Infoearth.Solution.AutoDeploy", "Infoearth.Solution.AutoDeploy\Infoearth.Solution.AutoDeploy.csproj", "{94DDDD9C-703A-4C19-A14E-6359E5E2DB2B}"
EndProject
Project("{FAE04EC0-301F-11D3-BF4B-00C04F79EFBC}") = "Infoearth.Solution.AutoDeploy.Utility", "Infoearth.Solution.AutoDeploy.Utility\Infoearth.Solution.AutoDeploy.Utility.csproj", "{7930BF73-D539-4C35-A45D-BDCA39C8885F}"
EndProject
Project("{FAE04EC0-301F-11D3-BF4B-00C04F79EFBC}") = "Infoearth.Solution.AutoDeploy.Model", "Infoearth.Solution.AutoDeploy.Model\Infoearth.Solution.AutoDeploy.Model.csproj", "{95C171CF-0AAC-405E-9645-A749BC291630}"
EndProject
Project("{FAE04EC0-301F-11D3-BF4B-00C04F79EFBC}") = "package.builder", "package.builder\package.builder.csproj", "{04CE5E39-1082-4FCA-AD15-0804CD020819}"
EndProject
Project("{FAE04EC0-301F-11D3-BF4B-00C04F79EFBC}") = "Sealions.Core", "Sealions.Core\Sealions.Core.csproj", "{87BEB4B3-3E1A-4477-93FE-5A7851A34B40}"
EndProject
Project("{FAE04EC0-301F-11D3-BF4B-00C04F79EFBC}") = "config.analysiser", "config.analysiser\config.analysiser.csproj", "{893089EB-AF3E-4760-AB59-3CC4AEC00CC1}"
EndProject
Project("{2150E333-8FDC-42A3-9474-1A3956D46DE8}") = "packageManager", "packageManager", "{51D2952B-8F13-4DF0-91D8-6D39D3BB2403}"
EndProject
Project("{2150E333-8FDC-42A3-9474-1A3956D46DE8}") = "configManager", "configManager", "{44D17B20-1169-4A23-8D82-CE02F90BBECE}"
EndProject
Project("{2150E333-8FDC-42A3-9474-1A3956D46DE8}") = "UtilityCore", "UtilityCore", "{5FFAD867-477B-4BD8-9025-C87D2F6ECEA6}"
EndProject
Project("{2150E333-8FDC-42A3-9474-1A3956D46DE8}") = "Startup", "Startup", "{1A3D1280-4CA9-4AA9-B60C-7A0BA0BBD8E6}"
EndProject
Project("{FAE04EC0-301F-11D3-BF4B-00C04F79EFBC}") = "Deployment.Builder", "Deployment.Builder\Deployment.Builder.csproj", "{C52BA21F-1705-40CB-9230-1F2D9E356315}"
EndProject
Project("{FAE04EC0-301F-11D3-BF4B-00C04F79EFBC}") = "Sealions.Main", "Sealions.Main\Sealions.Main.csproj", "{4AD9F24D-201C-4658-AA02-DFE2CBDCDFA0}"
EndProject
Project("{2150E333-8FDC-42A3-9474-1A3956D46DE8}") = "projectManager", "projectManager", "{332F07D9-1FD9-4AF7-B972-901193BFCF81}"
EndProject
Project("{FAE04EC0-301F-11D3-BF4B-00C04F79EFBC}") = "Sealion.Model", "Sealion.Model\Sealion.Model.csproj", "{045B45AF-360A-49B7-B31B-9F410D81E4FF}"
EndProject
Global
	GlobalSection(SolutionConfigurationPlatforms) = preSolution
		Debug|Any CPU = Debug|Any CPU
		Release|Any CPU = Release|Any CPU
	EndGlobalSection
	GlobalSection(ProjectConfigurationPlatforms) = postSolution
		{94DDDD9C-703A-4C19-A14E-6359E5E2DB2B}.Debug|Any CPU.ActiveCfg = Debug|Any CPU
		{94DDDD9C-703A-4C19-A14E-6359E5E2DB2B}.Debug|Any CPU.Build.0 = Debug|Any CPU
		{94DDDD9C-703A-4C19-A14E-6359E5E2DB2B}.Release|Any CPU.ActiveCfg = Release|Any CPU
		{94DDDD9C-703A-4C19-A14E-6359E5E2DB2B}.Release|Any CPU.Build.0 = Release|Any CPU
		{7930BF73-D539-4C35-A45D-BDCA39C8885F}.Debug|Any CPU.ActiveCfg = Debug|Any CPU
		{7930BF73-D539-4C35-A45D-BDCA39C8885F}.Debug|Any CPU.Build.0 = Debug|Any CPU
		{7930BF73-D539-4C35-A45D-BDCA39C8885F}.Release|Any CPU.ActiveCfg = Release|Any CPU
		{7930BF73-D539-4C35-A45D-BDCA39C8885F}.Release|Any CPU.Build.0 = Release|Any CPU
		{95C171CF-0AAC-405E-9645-A749BC291630}.Debug|Any CPU.ActiveCfg = Debug|Any CPU
		{95C171CF-0AAC-405E-9645-A749BC291630}.Debug|Any CPU.Build.0 = Debug|Any CPU
		{95C171CF-0AAC-405E-9645-A749BC291630}.Release|Any CPU.ActiveCfg = Release|Any CPU
		{95C171CF-0AAC-405E-9645-A749BC291630}.Release|Any CPU.Build.0 = Release|Any CPU
		{04CE5E39-1082-4FCA-AD15-0804CD020819}.Debug|Any CPU.ActiveCfg = Debug|Any CPU
		{04CE5E39-1082-4FCA-AD15-0804CD020819}.Debug|Any CPU.Build.0 = Debug|Any CPU
		{04CE5E39-1082-4FCA-AD15-0804CD020819}.Release|Any CPU.ActiveCfg = Release|Any CPU
		{04CE5E39-1082-4FCA-AD15-0804CD020819}.Release|Any CPU.Build.0 = Release|Any CPU
		{87BEB4B3-3E1A-4477-93FE-5A7851A34B40}.Debug|Any CPU.ActiveCfg = Debug|Any CPU
		{87BEB4B3-3E1A-4477-93FE-5A7851A34B40}.Debug|Any CPU.Build.0 = Debug|Any CPU
		{87BEB4B3-3E1A-4477-93FE-5A7851A34B40}.Release|Any CPU.ActiveCfg = Release|Any CPU
		{87BEB4B3-3E1A-4477-93FE-5A7851A34B40}.Release|Any CPU.Build.0 = Release|Any CPU
		{893089EB-AF3E-4760-AB59-3CC4AEC00CC1}.Debug|Any CPU.ActiveCfg = Debug|Any CPU
		{893089EB-AF3E-4760-AB59-3CC4AEC00CC1}.Debug|Any CPU.Build.0 = Debug|Any CPU
		{893089EB-AF3E-4760-AB59-3CC4AEC00CC1}.Release|Any CPU.ActiveCfg = Release|Any CPU
		{893089EB-AF3E-4760-AB59-3CC4AEC00CC1}.Release|Any CPU.Build.0 = Release|Any CPU
		{C52BA21F-1705-40CB-9230-1F2D9E356315}.Debug|Any CPU.ActiveCfg = Debug|Any CPU
		{C52BA21F-1705-40CB-9230-1F2D9E356315}.Debug|Any CPU.Build.0 = Debug|Any CPU
		{C52BA21F-1705-40CB-9230-1F2D9E356315}.Release|Any CPU.ActiveCfg = Release|Any CPU
		{C52BA21F-1705-40CB-9230-1F2D9E356315}.Release|Any CPU.Build.0 = Release|Any CPU
		{4AD9F24D-201C-4658-AA02-DFE2CBDCDFA0}.Debug|Any CPU.ActiveCfg = Debug|Any CPU
		{4AD9F24D-201C-4658-AA02-DFE2CBDCDFA0}.Debug|Any CPU.Build.0 = Debug|Any CPU
		{4AD9F24D-201C-4658-AA02-DFE2CBDCDFA0}.Release|Any CPU.ActiveCfg = Release|Any CPU
		{4AD9F24D-201C-4658-AA02-DFE2CBDCDFA0}.Release|Any CPU.Build.0 = Release|Any CPU
		{045B45AF-360A-49B7-B31B-9F410D81E4FF}.Debug|Any CPU.ActiveCfg = Debug|Any CPU
		{045B45AF-360A-49B7-B31B-9F410D81E4FF}.Debug|Any CPU.Build.0 = Debug|Any CPU
		{045B45AF-360A-49B7-B31B-9F410D81E4FF}.Release|Any CPU.ActiveCfg = Release|Any CPU
		{045B45AF-360A-49B7-B31B-9F410D81E4FF}.Release|Any CPU.Build.0 = Release|Any CPU
	EndGlobalSection
	GlobalSection(SolutionProperties) = preSolution
		HideSolutionNode = FALSE
	EndGlobalSection
	GlobalSection(NestedProjects) = preSolution
		{04CE5E39-1082-4FCA-AD15-0804CD020819} = {51D2952B-8F13-4DF0-91D8-6D39D3BB2403}
		{87BEB4B3-3E1A-4477-93FE-5A7851A34B40} = {5FFAD867-477B-4BD8-9025-C87D2F6ECEA6}
		{893089EB-AF3E-4760-AB59-3CC4AEC00CC1} = {44D17B20-1169-4A23-8D82-CE02F90BBECE}
		{C52BA21F-1705-40CB-9230-1F2D9E356315} = {1A3D1280-4CA9-4AA9-B60C-7A0BA0BBD8E6}
		{4AD9F24D-201C-4658-AA02-DFE2CBDCDFA0} = {1A3D1280-4CA9-4AA9-B60C-7A0BA0BBD8E6}
		{045B45AF-360A-49B7-B31B-9F410D81E4FF} = {332F07D9-1FD9-4AF7-B972-901193BFCF81}
	EndGlobalSection
	GlobalSection(ExtensibilityGlobals) = postSolution
		SolutionGuid = {D3B85887-3065-4B9A-9AE1-B3EAE74D5442}
	EndGlobalSection
EndGlobal
