
Microsoft Visual Studio Solution File, Format Version 12.00
# Visual Studio Version 16
VisualStudioVersion = 16.0.30503.244
MinimumVisualStudioVersion = 10.0.40219.1
Project("{FAE04EC0-301F-11D3-BF4B-00C04F79EFBC}") = "Infoearth.Solution.AutoDeploy", "Infoearth.Solution.AutoDeploy\Infoearth.Solution.AutoDeploy.csproj", "{94DDDD9C-703A-4C19-A14E-6359E5E2DB2B}"
EndProject
Project("{FAE04EC0-301F-11D3-BF4B-00C04F79EFBC}") = "Infoearth.Solution.AutoDeploy.Utility", "Infoearth.Solution.AutoDeploy.Utility\Infoearth.Solution.AutoDeploy.Utility.csproj", "{7930BF73-D539-4C35-A45D-BDCA39C8885F}"
EndProject
Project("{FAE04EC0-301F-11D3-BF4B-00C04F79EFBC}") = "Infoearth.Solution.AutoDeploy.Model", "Infoearth.Solution.AutoDeploy.Model\Infoearth.Solution.AutoDeploy.Model.csproj", "{95C171CF-0AAC-405E-9645-A749BC291630}"
EndProject
Project("{FAE04EC0-301F-11D3-BF4B-00C04F79EFBC}") = "package.builder", "package.builder\package.builder.csproj", "{04CE5E39-1082-4FCA-AD15-0804CD020819}"
EndProject
Project("{FAE04EC0-301F-11D3-BF4B-00C04F79EFBC}") = "Sealions.Core", "Sealions.Core\Sealions.Core.csproj", "{87BEB4B3-3E1A-4477-93FE-5A7851A34B40}"
EndProject
Project("{FAE04EC0-301F-11D3-BF4B-00C04F79EFBC}") = "config.analysiser", "config.analysiser\config.analysiser.csproj", "{893089EB-AF3E-4760-AB59-3CC4AEC00CC1}"
EndProject
Global
	GlobalSection(SolutionConfigurationPlatforms) = preSolution
		Debug|Any CPU = Debug|Any CPU
		Release|Any CPU = Release|Any CPU
	EndGlobalSection
	GlobalSection(ProjectConfigurationPlatforms) = postSolution
		{94DDDD9C-703A-4C19-A14E-6359E5E2DB2B}.Debug|Any CPU.ActiveCfg = Debug|Any CPU
		{94DDDD9C-703A-4C19-A14E-6359E5E2DB2B}.Debug|Any CPU.Build.0 = Debug|Any CPU
		{94DDDD9C-703A-4C19-A14E-6359E5E2DB2B}.Release|Any CPU.ActiveCfg = Release|Any CPU
		{94DDDD9C-703A-4C19-A14E-6359E5E2DB2B}.Release|Any CPU.Build.0 = Release|Any CPU
		{7930BF73-D539-4C35-A45D-BDCA39C8885F}.Debug|Any CPU.ActiveCfg = Debug|Any CPU
		{7930BF73-D539-4C35-A45D-BDCA39C8885F}.Debug|Any CPU.Build.0 = Debug|Any CPU
		{7930BF73-D539-4C35-A45D-BDCA39C8885F}.Release|Any CPU.ActiveCfg = Release|Any CPU
		{7930BF73-D539-4C35-A45D-BDCA39C8885F}.Release|Any CPU.Build.0 = Release|Any CPU
		{95C171CF-0AAC-405E-9645-A749BC291630}.Debug|Any CPU.ActiveCfg = Debug|Any CPU
		{95C171CF-0AAC-405E-9645-A749BC291630}.Debug|Any CPU.Build.0 = Debug|Any CPU
		{95C171CF-0AAC-405E-9645-A749BC291630}.Release|Any CPU.ActiveCfg = Release|Any CPU
		{95C171CF-0AAC-405E-9645-A749BC291630}.Release|Any CPU.Build.0 = Release|Any CPU
		{04CE5E39-1082-4FCA-AD15-0804CD020819}.Debug|Any CPU.ActiveCfg = Debug|Any CPU
		{04CE5E39-1082-4FCA-AD15-0804CD020819}.Debug|Any CPU.Build.0 = Debug|Any CPU
		{04CE5E39-1082-4FCA-AD15-0804CD020819}.Release|Any CPU.ActiveCfg = Release|Any CPU
		{04CE5E39-1082-4FCA-AD15-0804CD020819}.Release|Any CPU.Build.0 = Release|Any CPU
		{87BEB4B3-3E1A-4477-93FE-5A7851A34B40}.Debug|Any CPU.ActiveCfg = Debug|Any CPU
		{87BEB4B3-3E1A-4477-93FE-5A7851A34B40}.Debug|Any CPU.Build.0 = Debug|Any CPU
		{87BEB4B3-3E1A-4477-93FE-5A7851A34B40}.Release|Any CPU.ActiveCfg = Release|Any CPU
		{87BEB4B3-3E1A-4477-93FE-5A7851A34B40}.Release|Any CPU.Build.0 = Release|Any CPU
		{893089EB-AF3E-4760-AB59-3CC4AEC00CC1}.Debug|Any CPU.ActiveCfg = Debug|Any CPU
		{893089EB-AF3E-4760-AB59-3CC4AEC00CC1}.Debug|Any CPU.Build.0 = Debug|Any CPU
		{893089EB-AF3E-4760-AB59-3CC4AEC00CC1}.Release|Any CPU.ActiveCfg = Release|Any CPU
		{893089EB-AF3E-4760-AB59-3CC4AEC00CC1}.Release|Any CPU.Build.0 = Release|Any CPU
	EndGlobalSection
	GlobalSection(SolutionProperties) = preSolution
		HideSolutionNode = FALSE
	EndGlobalSection
	GlobalSection(ExtensibilityGlobals) = postSolution
		SolutionGuid = {D3B85887-3065-4B9A-9AE1-B3EAE74D5442}
	EndGlobalSection
EndGlobal
